// !$*UTF8*$!
{
	archiveVersion = 1;
	classes = {
	};
	objectVersion = 56;
	objects = {

/* Begin PBXBuildFile section */
		AD27924C2C37CFD30087BDFC /* Printing_Sample_AppApp.swift in Sources */ = {isa = PBXBuildFile; fileRef = AD27924B2C37CFD30087BDFC /* Printing_Sample_AppApp.swift */; };
		AD27924E2C37CFD30087BDFC /* ContentView.swift in Sources */ = {isa = PBXBuildFile; fileRef = AD27924D2C37CFD30087BDFC /* ContentView.swift */; };
		AD2792502C37CFD40087BDFC /* Assets.xcassets in Resources */ = {isa = PBXBuildFile; fileRef = AD27924F2C37CFD40087BDFC /* Assets.xcassets */; };
		AD2792532C37CFD40087BDFC /* Preview Assets.xcassets in Resources */ = {isa = PBXBuildFile; fileRef = AD2792522C37CFD40087BDFC /* Preview Assets.xcassets */; };
		AD27925E2C37CFD40087BDFC /* Printing_Sample_AppTests.swift in Sources */ = {isa = PBXBuildFile; fileRef = AD27925D2C37CFD40087BDFC /* Printing_Sample_AppTests.swift */; };
		AD2792682C37CFD40087BDFC /* Printing_Sample_AppUITests.swift in Sources */ = {isa = PBXBuildFile; fileRef = AD2792672C37CFD40087BDFC /* Printing_Sample_AppUITests.swift */; };
		AD27926A2C37CFD40087BDFC /* Printing_Sample_AppUITestsLaunchTests.swift in Sources */ = {isa = PBXBuildFile; fileRef = AD2792692C37CFD40087BDFC /* Printing_Sample_AppUITestsLaunchTests.swift */; };
		AD2792772C3BE3390087BDFC /* PrintCommands.swift in Sources */ = {isa = PBXBuildFile; fileRef = AD2792762C3BE3390087BDFC /* PrintCommands.swift */; };
		AD2792792C3CEDEA0087BDFC /* PrintingView.swift in Sources */ = {isa = PBXBuildFile; fileRef = AD2792782C3CEDEA0087BDFC /* PrintingView.swift */; };
		AD27927B2C3D1B7C0087BDFC /* README.md in Resources */ = {isa = PBXBuildFile; fileRef = AD27927A2C3D1B7C0087BDFC /* README.md */; };
/* End PBXBuildFile section */

/* Begin PBXContainerItemProxy section */
		AD27925A2C37CFD40087BDFC /* PBXContainerItemProxy */ = {
			isa = PBXContainerItemProxy;
			containerPortal = AD2792402C37CFD30087BDFC /* Project object */;
			proxyType = 1;
			remoteGlobalIDString = AD2792472C37CFD30087BDFC;
			remoteInfo = "Printing Sample App";
		};
		AD2792642C37CFD40087BDFC /* PBXContainerItemProxy */ = {
			isa = PBXContainerItemProxy;
			containerPortal = AD2792402C37CFD30087BDFC /* Project object */;
			proxyType = 1;
			remoteGlobalIDString = AD2792472C37CFD30087BDFC;
			remoteInfo = "Printing Sample App";
		};
/* End PBXContainerItemProxy section */

/* Begin PBXFileReference section */
		AD2792482C37CFD30087BDFC /* Printing Sample App.app */ = {isa = PBXFileReference; explicitFileType = wrapper.application; includeInIndex = 0; path = "Printing Sample App.app"; sourceTree = BUILT_PRODUCTS_DIR; };
		AD27924B2C37CFD30087BDFC /* Printing_Sample_AppApp.swift */ = {isa = PBXFileReference; lastKnownFileType = sourcecode.swift; path = Printing_Sample_AppApp.swift; sourceTree = "<group>"; };
		AD27924D2C37CFD30087BDFC /* ContentView.swift */ = {isa = PBXFileReference; lastKnownFileType = sourcecode.swift; path = ContentView.swift; sourceTree = "<group>"; };
		AD27924F2C37CFD40087BDFC /* Assets.xcassets */ = {isa = PBXFileReference; lastKnownFileType = folder.assetcatalog; path = Assets.xcassets; sourceTree = "<group>"; };
		AD2792522C37CFD40087BDFC /* Preview Assets.xcassets */ = {isa = PBXFileReference; lastKnownFileType = folder.assetcatalog; path = "Preview Assets.xcassets"; sourceTree = "<group>"; };
		AD2792542C37CFD40087BDFC /* Printing_Sample_App.entitlements */ = {isa = PBXFileReference; lastKnownFileType = text.plist.entitlements; path = Printing_Sample_App.entitlements; sourceTree = "<group>"; };
		AD2792592C37CFD40087BDFC /* Printing Sample AppTests.xctest */ = {isa = PBXFileReference; explicitFileType = wrapper.cfbundle; includeInIndex = 0; path = "Printing Sample AppTests.xctest"; sourceTree = BUILT_PRODUCTS_DIR; };
		AD27925D2C37CFD40087BDFC /* Printing_Sample_AppTests.swift */ = {isa = PBXFileReference; lastKnownFileType = sourcecode.swift; path = Printing_Sample_AppTests.swift; sourceTree = "<group>"; };
		AD2792632C37CFD40087BDFC /* Printing Sample AppUITests.xctest */ = {isa = PBXFileReference; explicitFileType = wrapper.cfbundle; includeInIndex = 0; path = "Printing Sample AppUITests.xctest"; sourceTree = BUILT_PRODUCTS_DIR; };
		AD2792672C37CFD40087BDFC /* Printing_Sample_AppUITests.swift */ = {isa = PBXFileReference; lastKnownFileType = sourcecode.swift; path = Printing_Sample_AppUITests.swift; sourceTree = "<group>"; };
		AD2792692C37CFD40087BDFC /* Printing_Sample_AppUITestsLaunchTests.swift */ = {isa = PBXFileReference; lastKnownFileType = sourcecode.swift; path = Printing_Sample_AppUITestsLaunchTests.swift; sourceTree = "<group>"; };
		AD2792762C3BE3390087BDFC /* PrintCommands.swift */ = {isa = PBXFileReference; lastKnownFileType = sourcecode.swift; path = PrintCommands.swift; sourceTree = "<group>"; };
		AD2792782C3CEDEA0087BDFC /* PrintingView.swift */ = {isa = PBXFileReference; lastKnownFileType = sourcecode.swift; path = PrintingView.swift; sourceTree = "<group>"; };
		AD27927A2C3D1B7C0087BDFC /* README.md */ = {isa = PBXFileReference; fileEncoding = 4; lastKnownFileType = net.daringfireball.markdown; path = README.md; sourceTree = SOURCE_ROOT; };
/* End PBXFileReference section */

/* Begin PBXFrameworksBuildPhase section */
		AD2792452C37CFD30087BDFC /* Frameworks */ = {
			isa = PBXFrameworksBuildPhase;
			buildActionMask = 2147483647;
			files = (
			);
			runOnlyForDeploymentPostprocessing = 0;
		};
		AD2792562C37CFD40087BDFC /* Frameworks */ = {
			isa = PBXFrameworksBuildPhase;
			buildActionMask = 2147483647;
			files = (
			);
			runOnlyForDeploymentPostprocessing = 0;
		};
		AD2792602C37CFD40087BDFC /* Frameworks */ = {
			isa = PBXFrameworksBuildPhase;
			buildActionMask = 2147483647;
			files = (
			);
			runOnlyForDeploymentPostprocessing = 0;
		};
/* End PBXFrameworksBuildPhase section */

/* Begin PBXGroup section */
		AD27923F2C37CFD30087BDFC = {
			isa = PBXGroup;
			children = (
				AD27927A2C3D1B7C0087BDFC /* README.md */,
				AD27924A2C37CFD30087BDFC /* Printing Sample App */,
				AD27925C2C37CFD40087BDFC /* Printing Sample AppTests */,
				AD2792662C37CFD40087BDFC /* Printing Sample AppUITests */,
				AD2792492C37CFD30087BDFC /* Products */,
			);
			sourceTree = "<group>";
		};
		AD2792492C37CFD30087BDFC /* Products */ = {
			isa = PBXGroup;
			children = (
				AD2792482C37CFD30087BDFC /* Printing Sample App.app */,
				AD2792592C37CFD40087BDFC /* Printing Sample AppTests.xctest */,
				AD2792632C37CFD40087BDFC /* Printing Sample AppUITests.xctest */,
			);
			name = Products;
			sourceTree = "<group>";
		};
		AD27924A2C37CFD30087BDFC /* Printing Sample App */ = {
			isa = PBXGroup;
			children = (
				AD27924B2C37CFD30087BDFC /* Printing_Sample_AppApp.swift */,
				AD2792762C3BE3390087BDFC /* PrintCommands.swift */,
				AD2792782C3CEDEA0087BDFC /* PrintingView.swift */,
				AD27924D2C37CFD30087BDFC /* ContentView.swift */,
				AD27924F2C37CFD40087BDFC /* Assets.xcassets */,
				AD2792542C37CFD40087BDFC /* Printing_Sample_App.entitlements */,
				AD2792512C37CFD40087BDFC /* Preview Content */,
			);
			path = "Printing Sample App";
			sourceTree = "<group>";
		};
		AD2792512C37CFD40087BDFC /* Preview Content */ = {
			isa = PBXGroup;
			children = (
				AD2792522C37CFD40087BDFC /* Preview Assets.xcassets */,
			);
			path = "Preview Content";
			sourceTree = "<group>";
		};
		AD27925C2C37CFD40087BDFC /* Printing Sample AppTests */ = {
			isa = PBXGroup;
			children = (
				AD27925D2C37CFD40087BDFC /* Printing_Sample_AppTests.swift */,
			);
			path = "Printing Sample AppTests";
			sourceTree = "<group>";
		};
		AD2792662C37CFD40087BDFC /* Printing Sample AppUITests */ = {
			isa = PBXGroup;
			children = (
				AD2792672C37CFD40087BDFC /* Printing_Sample_AppUITests.swift */,
				AD2792692C37CFD40087BDFC /* Printing_Sample_AppUITestsLaunchTests.swift */,
			);
			path = "Printing Sample AppUITests";
			sourceTree = "<group>";
		};
/* End PBXGroup section */

/* Begin PBXNativeTarget section */
		AD2792472C37CFD30087BDFC /* Printing Sample App */ = {
			isa = PBXNativeTarget;
			buildConfigurationList = AD27926D2C37CFD40087BDFC /* Build configuration list for PBXNativeTarget "Printing Sample App" */;
			buildPhases = (
				AD2792442C37CFD30087BDFC /* Sources */,
				AD2792452C37CFD30087BDFC /* Frameworks */,
				AD2792462C37CFD30087BDFC /* Resources */,
			);
			buildRules = (
			);
			dependencies = (
			);
			name = "Printing Sample App";
			productName = "Printing Sample App";
			productReference = AD2792482C37CFD30087BDFC /* Printing Sample App.app */;
			productType = "com.apple.product-type.application";
		};
		AD2792582C37CFD40087BDFC /* Printing Sample AppTests */ = {
			isa = PBXNativeTarget;
			buildConfigurationList = AD2792702C37CFD40087BDFC /* Build configuration list for PBXNativeTarget "Printing Sample AppTests" */;
			buildPhases = (
				AD2792552C37CFD40087BDFC /* Sources */,
				AD2792562C37CFD40087BDFC /* Frameworks */,
				AD2792572C37CFD40087BDFC /* Resources */,
			);
			buildRules = (
			);
			dependencies = (
				AD27925B2C37CFD40087BDFC /* PBXTargetDependency */,
			);
			name = "Printing Sample AppTests";
			productName = "Printing Sample AppTests";
			productReference = AD2792592C37CFD40087BDFC /* Printing Sample AppTests.xctest */;
			productType = "com.apple.product-type.bundle.unit-test";
		};
		AD2792622C37CFD40087BDFC /* Printing Sample AppUITests */ = {
			isa = PBXNativeTarget;
			buildConfigurationList = AD2792732C37CFD40087BDFC /* Build configuration list for PBXNativeTarget "Printing Sample AppUITests" */;
			buildPhases = (
				AD27925F2C37CFD40087BDFC /* Sources */,
				AD2792602C37CFD40087BDFC /* Frameworks */,
				AD2792612C37CFD40087BDFC /* Resources */,
			);
			buildRules = (
			);
			dependencies = (
				AD2792652C37CFD40087BDFC /* PBXTargetDependency */,
			);
			name = "Printing Sample AppUITests";
			productName = "Printing Sample AppUITests";
			productReference = AD2792632C37CFD40087BDFC /* Printing Sample AppUITests.xctest */;
			productType = "com.apple.product-type.bundle.ui-testing";
		};
/* End PBXNativeTarget section */

/* Begin PBXProject section */
		AD2792402C37CFD30087BDFC /* Project object */ = {
			isa = PBXProject;
			attributes = {
				BuildIndependentTargetsInParallel = 1;
				LastSwiftUpdateCheck = 1540;
				LastUpgradeCheck = 1540;
				TargetAttributes = {
					AD2792472C37CFD30087BDFC = {
						CreatedOnToolsVersion = 15.4;
					};
					AD2792582C37CFD40087BDFC = {
						CreatedOnToolsVersion = 15.4;
						TestTargetID = AD2792472C37CFD30087BDFC;
					};
					AD2792622C37CFD40087BDFC = {
						CreatedOnToolsVersion = 15.4;
						TestTargetID = AD2792472C37CFD30087BDFC;
					};
				};
			};
			buildConfigurationList = AD2792432C37CFD30087BDFC /* Build configuration list for PBXProject "Printing Sample App" */;
			compatibilityVersion = "Xcode 14.0";
			developmentRegion = en;
			hasScannedForEncodings = 0;
			knownRegions = (
				en,
				Base,
			);
			mainGroup = AD27923F2C37CFD30087BDFC;
			productRefGroup = AD2792492C37CFD30087BDFC /* Products */;
			projectDirPath = "";
			projectRoot = "";
			targets = (
				AD2792472C37CFD30087BDFC /* Printing Sample App */,
				AD2792582C37CFD40087BDFC /* Printing Sample AppTests */,
				AD2792622C37CFD40087BDFC /* Printing Sample AppUITests */,
			);
		};
/* End PBXProject section */

/* Begin PBXResourcesBuildPhase section */
		AD2792462C37CFD30087BDFC /* Resources */ = {
			isa = PBXResourcesBuildPhase;
			buildActionMask = 2147483647;
			files = (
				AD2792532C37CFD40087BDFC /* Preview Assets.xcassets in Resources */,
				AD2792502C37CFD40087BDFC /* Assets.xcassets in Resources */,
			);
			runOnlyForDeploymentPostprocessing = 0;
		};
		AD2792572C37CFD40087BDFC /* Resources */ = {
			isa = PBXResourcesBuildPhase;
			buildActionMask = 2147483647;
			files = (
				AD27927B2C3D1B7C0087BDFC /* README.md in Resources */,
			);
			runOnlyForDeploymentPostprocessing = 0;
		};
		AD2792612C37CFD40087BDFC /* Resources */ = {
			isa = PBXResourcesBuildPhase;
			buildActionMask = 2147483647;
			files = (
			);
			runOnlyForDeploymentPostprocessing = 0;
		};
/* End PBXResourcesBuildPhase section */

/* Begin PBXSourcesBuildPhase section */
		AD2792442C37CFD30087BDFC /* Sources */ = {
			isa = PBXSourcesBuildPhase;
			buildActionMask = 2147483647;
			files = (
				AD2792772C3BE3390087BDFC /* PrintCommands.swift in Sources */,
				AD27924E2C37CFD30087BDFC /* ContentView.swift in Sources */,
				AD27924C2C37CFD30087BDFC /* Printing_Sample_AppApp.swift in Sources */,
				AD2792792C3CEDEA0087BDFC /* PrintingView.swift in Sources */,
			);
			runOnlyForDeploymentPostprocessing = 0;
		};
		AD2792552C37CFD40087BDFC /* Sources */ = {
			isa = PBXSourcesBuildPhase;
			buildActionMask = 2147483647;
			files = (
				AD27925E2C37CFD40087BDFC /* Printing_Sample_AppTests.swift in Sources */,
			);
			runOnlyForDeploymentPostprocessing = 0;
		};
		AD27925F2C37CFD40087BDFC /* Sources */ = {
			isa = PBXSourcesBuildPhase;
			buildActionMask = 2147483647;
			files = (
				AD2792682C37CFD40087BDFC /* Printing_Sample_AppUITests.swift in Sources */,
				AD27926A2C37CFD40087BDFC /* Printing_Sample_AppUITestsLaunchTests.swift in Sources */,
			);
			runOnlyForDeploymentPostprocessing = 0;
		};
/* End PBXSourcesBuildPhase section */

/* Begin PBXTargetDependency section */
		AD27925B2C37CFD40087BDFC /* PBXTargetDependency */ = {
			isa = PBXTargetDependency;
			target = AD2792472C37CFD30087BDFC /* Printing Sample App */;
			targetProxy = AD27925A2C37CFD40087BDFC /* PBXContainerItemProxy */;
		};
		AD2792652C37CFD40087BDFC /* PBXTargetDependency */ = {
			isa = PBXTargetDependency;
			target = AD2792472C37CFD30087BDFC /* Printing Sample App */;
			targetProxy = AD2792642C37CFD40087BDFC /* PBXContainerItemProxy */;
		};
/* End PBXTargetDependency section */

/* Begin XCBuildConfiguration section */
		AD27926B2C37CFD40087BDFC /* Debug */ = {
			isa = XCBuildConfiguration;
			buildSettings = {
				ALWAYS_SEARCH_USER_PATHS = NO;
				ASSETCATALOG_COMPILER_GENERATE_SWIFT_ASSET_SYMBOL_EXTENSIONS = YES;
				CLANG_ANALYZER_NONNULL = YES;
				CLANG_ANALYZER_NUMBER_OBJECT_CONVERSION = YES_AGGRESSIVE;
				CLANG_CXX_LANGUAGE_STANDARD = "gnu++20";
				CLANG_ENABLE_MODULES = YES;
				CLANG_ENABLE_OBJC_ARC = YES;
				CLANG_ENABLE_OBJC_WEAK = YES;
				CLANG_WARN_BLOCK_CAPTURE_AUTORELEASING = YES;
				CLANG_WARN_BOOL_CONVERSION = YES;
				CLANG_WARN_COMMA = YES;
				CLANG_WARN_CONSTANT_CONVERSION = YES;
				CLANG_WARN_DEPRECATED_OBJC_IMPLEMENTATIONS = YES;
				CLANG_WARN_DIRECT_OBJC_ISA_USAGE = YES_ERROR;
				CLANG_WARN_DOCUMENTATION_COMMENTS = YES;
				CLANG_WARN_EMPTY_BODY = YES;
				CLANG_WARN_ENUM_CONVERSION = YES;
				CLANG_WARN_INFINITE_RECURSION = YES;
				CLANG_WARN_INT_CONVERSION = YES;
				CLANG_WARN_NON_LITERAL_NULL_CONVERSION = YES;
				CLANG_WARN_OBJC_IMPLICIT_RETAIN_SELF = YES;
				CLANG_WARN_OBJC_LITERAL_CONVERSION = YES;
				CLANG_WARN_OBJC_ROOT_CLASS = YES_ERROR;
				CLANG_WARN_QUOTED_INCLUDE_IN_FRAMEWORK_HEADER = YES;
				CLANG_WARN_RANGE_LOOP_ANALYSIS = YES;
				CLANG_WARN_STRICT_PROTOTYPES = YES;
				CLANG_WARN_SUSPICIOUS_MOVE = YES;
				CLANG_WARN_UNGUARDED_AVAILABILITY = YES_AGGRESSIVE;
				CLANG_WARN_UNREACHABLE_CODE = YES;
				CLANG_WARN__DUPLICATE_METHOD_MATCH = YES;
				COPY_PHASE_STRIP = NO;
				DEBUG_INFORMATION_FORMAT = dwarf;
				ENABLE_STRICT_OBJC_MSGSEND = YES;
				ENABLE_TESTABILITY = YES;
				ENABLE_USER_SCRIPT_SANDBOXING = YES;
				GCC_C_LANGUAGE_STANDARD = gnu17;
				GCC_DYNAMIC_NO_PIC = NO;
				GCC_NO_COMMON_BLOCKS = YES;
				GCC_OPTIMIZATION_LEVEL = 0;
				GCC_PREPROCESSOR_DEFINITIONS = (
					"DEBUG=1",
					"$(inherited)",
				);
				GCC_WARN_64_TO_32_BIT_CONVERSION = YES;
				GCC_WARN_ABOUT_RETURN_TYPE = YES_ERROR;
				GCC_WARN_UNDECLARED_SELECTOR = YES;
				GCC_WARN_UNINITIALIZED_AUTOS = YES_AGGRESSIVE;
				GCC_WARN_UNUSED_FUNCTION = YES;
				GCC_WARN_UNUSED_VARIABLE = YES;
				LOCALIZATION_PREFERS_STRING_CATALOGS = YES;
				MACOSX_DEPLOYMENT_TARGET = 14.5;
				MTL_ENABLE_DEBUG_INFO = INCLUDE_SOURCE;
				MTL_FAST_MATH = YES;
				ONLY_ACTIVE_ARCH = YES;
				SDKROOT = macosx;
				SWIFT_ACTIVE_COMPILATION_CONDITIONS = "DEBUG $(inherited)";
				SWIFT_OPTIMIZATION_LEVEL = "-Onone";
			};
			name = Debug;
		};
		AD27926C2C37CFD40087BDFC /* Release */ = {
			isa = XCBuildConfiguration;
			buildSettings = {
				ALWAYS_SEARCH_USER_PATHS = NO;
				ASSETCATALOG_COMPILER_GENERATE_SWIFT_ASSET_SYMBOL_EXTENSIONS = YES;
				CLANG_ANALYZER_NONNULL = YES;
				CLANG_ANALYZER_NUMBER_OBJECT_CONVERSION = YES_AGGRESSIVE;
				CLANG_CXX_LANGUAGE_STANDARD = "gnu++20";
				CLANG_ENABLE_MODULES = YES;
				CLANG_ENABLE_OBJC_ARC = YES;
				CLANG_ENABLE_OBJC_WEAK = YES;
				CLANG_WARN_BLOCK_CAPTURE_AUTORELEASING = YES;
				CLANG_WARN_BOOL_CONVERSION = YES;
				CLANG_WARN_COMMA = YES;
				CLANG_WARN_CONSTANT_CONVERSION = YES;
				CLANG_WARN_DEPRECATED_OBJC_IMPLEMENTATIONS = YES;
				CLANG_WARN_DIRECT_OBJC_ISA_USAGE = YES_ERROR;
				CLANG_WARN_DOCUMENTATION_COMMENTS = YES;
				CLANG_WARN_EMPTY_BODY = YES;
				CLANG_WARN_ENUM_CONVERSION = YES;
				CLANG_WARN_INFINITE_RECURSION = YES;
				CLANG_WARN_INT_CONVERSION = YES;
				CLANG_WARN_NON_LITERAL_NULL_CONVERSION = YES;
				CLANG_WARN_OBJC_IMPLICIT_RETAIN_SELF = YES;
				CLANG_WARN_OBJC_LITERAL_CONVERSION = YES;
				CLANG_WARN_OBJC_ROOT_CLASS = YES_ERROR;
				CLANG_WARN_QUOTED_INCLUDE_IN_FRAMEWORK_HEADER = YES;
				CLANG_WARN_RANGE_LOOP_ANALYSIS = YES;
				CLANG_WARN_STRICT_PROTOTYPES = YES;
				CLANG_WARN_SUSPICIOUS_MOVE = YES;
				CLANG_WARN_UNGUARDED_AVAILABILITY = YES_AGGRESSIVE;
				CLANG_WARN_UNREACHABLE_CODE = YES;
				CLANG_WARN__DUPLICATE_METHOD_MATCH = YES;
				COPY_PHASE_STRIP = NO;
				DEBUG_INFORMATION_FORMAT = "dwarf-with-dsym";
				ENABLE_NS_ASSERTIONS = NO;
				ENABLE_STRICT_OBJC_MSGSEND = YES;
				ENABLE_USER_SCRIPT_SANDBOXING = YES;
				GCC_C_LANGUAGE_STANDARD = gnu17;
				GCC_NO_COMMON_BLOCKS = YES;
				GCC_WARN_64_TO_32_BIT_CONVERSION = YES;
				GCC_WARN_ABOUT_RETURN_TYPE = YES_ERROR;
				GCC_WARN_UNDECLARED_SELECTOR = YES;
				GCC_WARN_UNINITIALIZED_AUTOS = YES_AGGRESSIVE;
				GCC_WARN_UNUSED_FUNCTION = YES;
				GCC_WARN_UNUSED_VARIABLE = YES;
				LOCALIZATION_PREFERS_STRING_CATALOGS = YES;
				MACOSX_DEPLOYMENT_TARGET = 14.5;
				MTL_ENABLE_DEBUG_INFO = NO;
				MTL_FAST_MATH = YES;
				SDKROOT = macosx;
				SWIFT_COMPILATION_MODE = wholemodule;
			};
			name = Release;
		};
		AD27926E2C37CFD40087BDFC /* Debug */ = {
			isa = XCBuildConfiguration;
			buildSettings = {
				ASSETCATALOG_COMPILER_APPICON_NAME = AppIcon;
				ASSETCATALOG_COMPILER_GLOBAL_ACCENT_COLOR_NAME = AccentColor;
				CODE_SIGN_ENTITLEMENTS = "Printing Sample App/Printing_Sample_App.entitlements";
				CODE_SIGN_STYLE = Automatic;
				COMBINE_HIDPI_IMAGES = YES;
				CURRENT_PROJECT_VERSION = 1;
				DEVELOPMENT_ASSET_PATHS = "\"Printing Sample App/Preview Content\"";
				DEVELOPMENT_TEAM = BW74LA3CJP;
				ENABLE_HARDENED_RUNTIME = YES;
				ENABLE_PREVIEWS = YES;
				GENERATE_INFOPLIST_FILE = YES;
				INFOPLIST_KEY_NSHumanReadableCopyright = "";
				LD_RUNPATH_SEARCH_PATHS = (
					"$(inherited)",
					"@executable_path/../Frameworks",
				);
				MARKETING_VERSION = 1.0;
				PRODUCT_BUNDLE_IDENTIFIER = "com.ebata.Printing-Sample-App";
				PRODUCT_NAME = "$(TARGET_NAME)";
				SWIFT_EMIT_LOC_STRINGS = YES;
				SWIFT_VERSION = 5.0;
			};
			name = Debug;
		};
		AD27926F2C37CFD40087BDFC /* Release */ = {
			isa = XCBuildConfiguration;
			buildSettings = {
				ASSETCATALOG_COMPILER_APPICON_NAME = AppIcon;
				ASSETCATALOG_COMPILER_GLOBAL_ACCENT_COLOR_NAME = AccentColor;
				CODE_SIGN_ENTITLEMENTS = "Printing Sample App/Printing_Sample_App.entitlements";
				CODE_SIGN_STYLE = Automatic;
				COMBINE_HIDPI_IMAGES = YES;
				CURRENT_PROJECT_VERSION = 1;
				DEVELOPMENT_ASSET_PATHS = "\"Printing Sample App/Preview Content\"";
				DEVELOPMENT_TEAM = BW74LA3CJP;
				ENABLE_HARDENED_RUNTIME = YES;
				ENABLE_PREVIEWS = YES;
				GENERATE_INFOPLIST_FILE = YES;
				INFOPLIST_KEY_NSHumanReadableCopyright = "";
				LD_RUNPATH_SEARCH_PATHS = (
					"$(inherited)",
					"@executable_path/../Frameworks",
				);
				MARKETING_VERSION = 1.0;
				PRODUCT_BUNDLE_IDENTIFIER = "com.ebata.Printing-Sample-App";
				PRODUCT_NAME = "$(TARGET_NAME)";
				SWIFT_EMIT_LOC_STRINGS = YES;
				SWIFT_VERSION = 5.0;
			};
			name = Release;
		};
		AD2792712C37CFD40087BDFC /* Debug */ = {
			isa = XCBuildConfiguration;
			buildSettings = {
				ALWAYS_EMBED_SWIFT_STANDARD_LIBRARIES = YES;
				BUNDLE_LOADER = "$(TEST_HOST)";
				CODE_SIGN_STYLE = Automatic;
				CURRENT_PROJECT_VERSION = 1;
				DEVELOPMENT_TEAM = BW74LA3CJP;
				GENERATE_INFOPLIST_FILE = YES;
				MACOSX_DEPLOYMENT_TARGET = 14.5;
				MARKETING_VERSION = 1.0;
				PRODUCT_BUNDLE_IDENTIFIER = "com.ebata.Printing-Sample-AppTests";
				PRODUCT_NAME = "$(TARGET_NAME)";
				SWIFT_EMIT_LOC_STRINGS = NO;
				SWIFT_VERSION = 5.0;
				TEST_HOST = "$(BUILT_PRODUCTS_DIR)/Printing Sample App.app/$(BUNDLE_EXECUTABLE_FOLDER_PATH)/Printing Sample App";
			};
			name = Debug;
		};
		AD2792722C37CFD40087BDFC /* Release */ = {
			isa = XCBuildConfiguration;
			buildSettings = {
				ALWAYS_EMBED_SWIFT_STANDARD_LIBRARIES = YES;
				BUNDLE_LOADER = "$(TEST_HOST)";
				CODE_SIGN_STYLE = Automatic;
				CURRENT_PROJECT_VERSION = 1;
				DEVELOPMENT_TEAM = BW74LA3CJP;
				GENERATE_INFOPLIST_FILE = YES;
				MACOSX_DEPLOYMENT_TARGET = 14.5;
				MARKETING_VERSION = 1.0;
				PRODUCT_BUNDLE_IDENTIFIER = "com.ebata.Printing-Sample-AppTests";
				PRODUCT_NAME = "$(TARGET_NAME)";
				SWIFT_EMIT_LOC_STRINGS = NO;
				SWIFT_VERSION = 5.0;
				TEST_HOST = "$(BUILT_PRODUCTS_DIR)/Printing Sample App.app/$(BUNDLE_EXECUTABLE_FOLDER_PATH)/Printing Sample App";
			};
			name = Release;
		};
		AD2792742C37CFD40087BDFC /* Debug */ = {
			isa = XCBuildConfiguration;
			buildSettings = {
				ALWAYS_EMBED_SWIFT_STANDARD_LIBRARIES = YES;
				CODE_SIGN_STYLE = Automatic;
				CURRENT_PROJECT_VERSION = 1;
				DEVELOPMENT_TEAM = BW74LA3CJP;
				GENERATE_INFOPLIST_FILE = YES;
				MARKETING_VERSION = 1.0;
				PRODUCT_BUNDLE_IDENTIFIER = "com.ebata.Printing-Sample-AppUITests";
				PRODUCT_NAME = "$(TARGET_NAME)";
				SWIFT_EMIT_LOC_STRINGS = NO;
				SWIFT_VERSION = 5.0;
				TEST_TARGET_NAME = "Printing Sample App";
			};
			name = Debug;
		};
		AD2792752C37CFD40087BDFC /* Release */ = {
			isa = XCBuildConfiguration;
			buildSettings = {
				ALWAYS_EMBED_SWIFT_STANDARD_LIBRARIES = YES;
				CODE_SIGN_STYLE = Automatic;
				CURRENT_PROJECT_VERSION = 1;
				DEVELOPMENT_TEAM = BW74LA3CJP;
				GENERATE_INFOPLIST_FILE = YES;
				MARKETING_VERSION = 1.0;
				PRODUCT_BUNDLE_IDENTIFIER = "com.ebata.Printing-Sample-AppUITests";
				PRODUCT_NAME = "$(TARGET_NAME)";
				SWIFT_EMIT_LOC_STRINGS = NO;
				SWIFT_VERSION = 5.0;
				TEST_TARGET_NAME = "Printing Sample App";
			};
			name = Release;
		};
/* End XCBuildConfiguration section */

/* Begin XCConfigurationList section */
		AD2792432C37CFD30087BDFC /* Build configuration list for PBXProject "Printing Sample App" */ = {
			isa = XCConfigurationList;
			buildConfigurations = (
				AD27926B2C37CFD40087BDFC /* Debug */,
				AD27926C2C37CFD40087BDFC /* Release */,
			);
			defaultConfigurationIsVisible = 0;
			defaultConfigurationName = Release;
		};
		AD27926D2C37CFD40087BDFC /* Build configuration list for PBXNativeTarget "Printing Sample App" */ = {
			isa = XCConfigurationList;
			buildConfigurations = (
				AD27926E2C37CFD40087BDFC /* Debug */,
				AD27926F2C37CFD40087BDFC /* Release */,
			);
			defaultConfigurationIsVisible = 0;
			defaultConfigurationName = Release;
		};
		AD2792702C37CFD40087BDFC /* Build configuration list for PBXNativeTarget "Printing Sample AppTests" */ = {
			isa = XCConfigurationList;
			buildConfigurations = (
				AD2792712C37CFD40087BDFC /* Debug */,
				AD2792722C37CFD40087BDFC /* Release */,
			);
			defaultConfigurationIsVisible = 0;
			defaultConfigurationName = Release;
		};
		AD2792732C37CFD40087BDFC /* Build configuration list for PBXNativeTarget "Printing Sample AppUITests" */ = {
			isa = XCConfigurationList;
			buildConfigurations = (
				AD2792742C37CFD40087BDFC /* Debug */,
				AD2792752C37CFD40087BDFC /* Release */,
			);
			defaultConfigurationIsVisible = 0;
			defaultConfigurationName = Release;
		};
/* End XCConfigurationList section */
	};
	rootObject = AD2792402C37CFD30087BDFC /* Project object */;
}
